
Microsoft Visual Studio Solution File, Format Version 11.00
# Visual Studio 2010
Project("{FAE04EC0-301F-11D3-BF4B-00C04F79EFBC}") = "GDS Spookfest", "Assembly-CSharp.csproj", "{7CC9B617-2A8D-33A7-33B8-BE23323C1749}"
EndProject
Global
	GlobalSection(SolutionConfigurationPlatforms) = preSolution
		Debug|Any CPU = Debug|Any CPU
		Release|Any CPU = Release|Any CPU
	EndGlobalSection
	GlobalSection(ProjectConfigurationPlatforms) = postSolution
		{7CC9B617-2A8D-33A7-33B8-BE23323C1749}.Debug|Any CPU.ActiveCfg = Debug|Any CPU
		{7CC9B617-2A8D-33A7-33B8-BE23323C1749}.Debug|Any CPU.Build.0 = Debug|Any CPU
		{7CC9B617-2A8D-33A7-33B8-BE23323C1749}.Release|Any CPU.ActiveCfg = Release|Any CPU
		{7CC9B617-2A8D-33A7-33B8-BE23323C1749}.Release|Any CPU.Build.0 = Release|Any CPU
	EndGlobalSection
	GlobalSection(SolutionProperties) = preSolution
		HideSolutionNode = FALSE
	EndGlobalSection
	GlobalSection(MonoDevelopProperties) = preSolution
		StartupItem = Assembly-CSharp.csproj
	EndGlobalSection
EndGlobal
